
Microsoft Visual Studio Solution File, Format Version 12.00
# Visual Studio Version 17
VisualStudioVersion = 17.6.33723.286
MinimumVisualStudioVersion = 10.0.40219.1
Project("{FAE04EC0-301F-11D3-BF4B-00C04F79EFBC}") = "LeadingResponse", "LeadingResponse\LeadingResponse\LeadingResponse.csproj", "{1146AE24-4908-4701-905F-93926F09B487}"
EndProject
Project("{FAE04EC0-301F-11D3-BF4B-00C04F79EFBC}") = "LeadingResponse.Android", "LeadingResponse\LeadingResponse.Android\LeadingResponse.Android.csproj", "{F56F50CF-652B-490F-9D23-8AF75D5BC6EC}"
EndProject
Project("{FAE04EC0-301F-11D3-BF4B-00C04F79EFBC}") = "LeadingResponse.iOS", "LeadingResponse\LeadingResponse.iOS\LeadingResponse.iOS.csproj", "{73AA8A9E-5446-4B98-9A47-93BCB7A36C29}"
EndProject
Project("{FAE04EC0-301F-11D3-BF4B-00C04F79EFBC}") = "LeadingResponse.UWP", "LeadingResponse\LeadingResponse.UWP\LeadingResponse.UWP.csproj", "{59BF2F9E-925A-47A6-96E9-3948FD478C42}"
EndProject
Global
	GlobalSection(SolutionConfigurationPlatforms) = preSolution
		Ad-Hoc|Any CPU = Ad-Hoc|Any CPU
		Ad-Hoc|ARM = Ad-Hoc|ARM
		Ad-Hoc|iPhone = Ad-Hoc|iPhone
		Ad-Hoc|iPhoneSimulator = Ad-Hoc|iPhoneSimulator
		Ad-Hoc|x64 = Ad-Hoc|x64
		Ad-Hoc|x86 = Ad-Hoc|x86
		AppStore|Any CPU = AppStore|Any CPU
		AppStore|ARM = AppStore|ARM
		AppStore|iPhone = AppStore|iPhone
		AppStore|iPhoneSimulator = AppStore|iPhoneSimulator
		AppStore|x64 = AppStore|x64
		AppStore|x86 = AppStore|x86
		Debug|Any CPU = Debug|Any CPU
		Debug|ARM = Debug|ARM
		Debug|iPhone = Debug|iPhone
		Debug|iPhoneSimulator = Debug|iPhoneSimulator
		Debug|x64 = Debug|x64
		Debug|x86 = Debug|x86
		Release|Any CPU = Release|Any CPU
		Release|ARM = Release|ARM
		Release|iPhone = Release|iPhone
		Release|iPhoneSimulator = Release|iPhoneSimulator
		Release|x64 = Release|x64
		Release|x86 = Release|x86
	EndGlobalSection
	GlobalSection(ProjectConfigurationPlatforms) = postSolution
		{1146AE24-4908-4701-905F-93926F09B487}.Ad-Hoc|Any CPU.ActiveCfg = Debug|Any CPU
		{1146AE24-4908-4701-905F-93926F09B487}.Ad-Hoc|Any CPU.Build.0 = Debug|Any CPU
		{1146AE24-4908-4701-905F-93926F09B487}.Ad-Hoc|ARM.ActiveCfg = Debug|Any CPU
		{1146AE24-4908-4701-905F-93926F09B487}.Ad-Hoc|ARM.Build.0 = Debug|Any CPU
		{1146AE24-4908-4701-905F-93926F09B487}.Ad-Hoc|iPhone.ActiveCfg = Debug|Any CPU
		{1146AE24-4908-4701-905F-93926F09B487}.Ad-Hoc|iPhone.Build.0 = Debug|Any CPU
		{1146AE24-4908-4701-905F-93926F09B487}.Ad-Hoc|iPhoneSimulator.ActiveCfg = Debug|Any CPU
		{1146AE24-4908-4701-905F-93926F09B487}.Ad-Hoc|iPhoneSimulator.Build.0 = Debug|Any CPU
		{1146AE24-4908-4701-905F-93926F09B487}.Ad-Hoc|x64.ActiveCfg = Debug|Any CPU
		{1146AE24-4908-4701-905F-93926F09B487}.Ad-Hoc|x64.Build.0 = Debug|Any CPU
		{1146AE24-4908-4701-905F-93926F09B487}.Ad-Hoc|x86.ActiveCfg = Debug|Any CPU
		{1146AE24-4908-4701-905F-93926F09B487}.Ad-Hoc|x86.Build.0 = Debug|Any CPU
		{1146AE24-4908-4701-905F-93926F09B487}.AppStore|Any CPU.ActiveCfg = Debug|Any CPU
		{1146AE24-4908-4701-905F-93926F09B487}.AppStore|Any CPU.Build.0 = Debug|Any CPU
		{1146AE24-4908-4701-905F-93926F09B487}.AppStore|ARM.ActiveCfg = Debug|Any CPU
		{1146AE24-4908-4701-905F-93926F09B487}.AppStore|ARM.Build.0 = Debug|Any CPU
		{1146AE24-4908-4701-905F-93926F09B487}.AppStore|iPhone.ActiveCfg = Debug|Any CPU
		{1146AE24-4908-4701-905F-93926F09B487}.AppStore|iPhone.Build.0 = Debug|Any CPU
		{1146AE24-4908-4701-905F-93926F09B487}.AppStore|iPhoneSimulator.ActiveCfg = Debug|Any CPU
		{1146AE24-4908-4701-905F-93926F09B487}.AppStore|iPhoneSimulator.Build.0 = Debug|Any CPU
		{1146AE24-4908-4701-905F-93926F09B487}.AppStore|x64.ActiveCfg = Debug|Any CPU
		{1146AE24-4908-4701-905F-93926F09B487}.AppStore|x64.Build.0 = Debug|Any CPU
		{1146AE24-4908-4701-905F-93926F09B487}.AppStore|x86.ActiveCfg = Debug|Any CPU
		{1146AE24-4908-4701-905F-93926F09B487}.AppStore|x86.Build.0 = Debug|Any CPU
		{1146AE24-4908-4701-905F-93926F09B487}.Debug|Any CPU.ActiveCfg = Debug|Any CPU
		{1146AE24-4908-4701-905F-93926F09B487}.Debug|Any CPU.Build.0 = Debug|Any CPU
		{1146AE24-4908-4701-905F-93926F09B487}.Debug|ARM.ActiveCfg = Debug|Any CPU
		{1146AE24-4908-4701-905F-93926F09B487}.Debug|ARM.Build.0 = Debug|Any CPU
		{1146AE24-4908-4701-905F-93926F09B487}.Debug|iPhone.ActiveCfg = Debug|Any CPU
		{1146AE24-4908-4701-905F-93926F09B487}.Debug|iPhone.Build.0 = Debug|Any CPU
		{1146AE24-4908-4701-905F-93926F09B487}.Debug|iPhoneSimulator.ActiveCfg = Debug|Any CPU
		{1146AE24-4908-4701-905F-93926F09B487}.Debug|iPhoneSimulator.Build.0 = Debug|Any CPU
		{1146AE24-4908-4701-905F-93926F09B487}.Debug|x64.ActiveCfg = Debug|Any CPU
		{1146AE24-4908-4701-905F-93926F09B487}.Debug|x64.Build.0 = Debug|Any CPU
		{1146AE24-4908-4701-905F-93926F09B487}.Debug|x86.ActiveCfg = Debug|Any CPU
		{1146AE24-4908-4701-905F-93926F09B487}.Debug|x86.Build.0 = Debug|Any CPU
		{1146AE24-4908-4701-905F-93926F09B487}.Release|Any CPU.ActiveCfg = Release|Any CPU
		{1146AE24-4908-4701-905F-93926F09B487}.Release|Any CPU.Build.0 = Release|Any CPU
		{1146AE24-4908-4701-905F-93926F09B487}.Release|ARM.ActiveCfg = Release|Any CPU
		{1146AE24-4908-4701-905F-93926F09B487}.Release|ARM.Build.0 = Release|Any CPU
		{1146AE24-4908-4701-905F-93926F09B487}.Release|iPhone.ActiveCfg = Release|Any CPU
		{1146AE24-4908-4701-905F-93926F09B487}.Release|iPhone.Build.0 = Release|Any CPU
		{1146AE24-4908-4701-905F-93926F09B487}.Release|iPhoneSimulator.ActiveCfg = Release|Any CPU
		{1146AE24-4908-4701-905F-93926F09B487}.Release|iPhoneSimulator.Build.0 = Release|Any CPU
		{1146AE24-4908-4701-905F-93926F09B487}.Release|x64.ActiveCfg = Release|Any CPU
		{1146AE24-4908-4701-905F-93926F09B487}.Release|x64.Build.0 = Release|Any CPU
		{1146AE24-4908-4701-905F-93926F09B487}.Release|x86.ActiveCfg = Release|Any CPU
		{1146AE24-4908-4701-905F-93926F09B487}.Release|x86.Build.0 = Release|Any CPU
		{F56F50CF-652B-490F-9D23-8AF75D5BC6EC}.Ad-Hoc|Any CPU.ActiveCfg = Debug|Any CPU
		{F56F50CF-652B-490F-9D23-8AF75D5BC6EC}.Ad-Hoc|Any CPU.Build.0 = Debug|Any CPU
		{F56F50CF-652B-490F-9D23-8AF75D5BC6EC}.Ad-Hoc|Any CPU.Deploy.0 = Debug|Any CPU
		{F56F50CF-652B-490F-9D23-8AF75D5BC6EC}.Ad-Hoc|ARM.ActiveCfg = Debug|Any CPU
		{F56F50CF-652B-490F-9D23-8AF75D5BC6EC}.Ad-Hoc|ARM.Build.0 = Debug|Any CPU
		{F56F50CF-652B-490F-9D23-8AF75D5BC6EC}.Ad-Hoc|ARM.Deploy.0 = Debug|Any CPU
		{F56F50CF-652B-490F-9D23-8AF75D5BC6EC}.Ad-Hoc|iPhone.ActiveCfg = Debug|Any CPU
		{F56F50CF-652B-490F-9D23-8AF75D5BC6EC}.Ad-Hoc|iPhone.Build.0 = Debug|Any CPU
		{F56F50CF-652B-490F-9D23-8AF75D5BC6EC}.Ad-Hoc|iPhone.Deploy.0 = Debug|Any CPU
		{F56F50CF-652B-490F-9D23-8AF75D5BC6EC}.Ad-Hoc|iPhoneSimulator.ActiveCfg = Debug|Any CPU
		{F56F50CF-652B-490F-9D23-8AF75D5BC6EC}.Ad-Hoc|iPhoneSimulator.Build.0 = Debug|Any CPU
		{F56F50CF-652B-490F-9D23-8AF75D5BC6EC}.Ad-Hoc|iPhoneSimulator.Deploy.0 = Debug|Any CPU
		{F56F50CF-652B-490F-9D23-8AF75D5BC6EC}.Ad-Hoc|x64.ActiveCfg = Debug|Any CPU
		{F56F50CF-652B-490F-9D23-8AF75D5BC6EC}.Ad-Hoc|x64.Build.0 = Debug|Any CPU
		{F56F50CF-652B-490F-9D23-8AF75D5BC6EC}.Ad-Hoc|x64.Deploy.0 = Debug|Any CPU
		{F56F50CF-652B-490F-9D23-8AF75D5BC6EC}.Ad-Hoc|x86.ActiveCfg = Debug|Any CPU
		{F56F50CF-652B-490F-9D23-8AF75D5BC6EC}.Ad-Hoc|x86.Build.0 = Debug|Any CPU
		{F56F50CF-652B-490F-9D23-8AF75D5BC6EC}.Ad-Hoc|x86.Deploy.0 = Debug|Any CPU
		{F56F50CF-652B-490F-9D23-8AF75D5BC6EC}.AppStore|Any CPU.ActiveCfg = Debug|Any CPU
		{F56F50CF-652B-490F-9D23-8AF75D5BC6EC}.AppStore|Any CPU.Build.0 = Debug|Any CPU
		{F56F50CF-652B-490F-9D23-8AF75D5BC6EC}.AppStore|Any CPU.Deploy.0 = Debug|Any CPU
		{F56F50CF-652B-490F-9D23-8AF75D5BC6EC}.AppStore|ARM.ActiveCfg = Debug|Any CPU
		{F56F50CF-652B-490F-9D23-8AF75D5BC6EC}.AppStore|ARM.Build.0 = Debug|Any CPU
		{F56F50CF-652B-490F-9D23-8AF75D5BC6EC}.AppStore|ARM.Deploy.0 = Debug|Any CPU
		{F56F50CF-652B-490F-9D23-8AF75D5BC6EC}.AppStore|iPhone.ActiveCfg = Debug|Any CPU
		{F56F50CF-652B-490F-9D23-8AF75D5BC6EC}.AppStore|iPhone.Build.0 = Debug|Any CPU
		{F56F50CF-652B-490F-9D23-8AF75D5BC6EC}.AppStore|iPhone.Deploy.0 = Debug|Any CPU
		{F56F50CF-652B-490F-9D23-8AF75D5BC6EC}.AppStore|iPhoneSimulator.ActiveCfg = Debug|Any CPU
		{F56F50CF-652B-490F-9D23-8AF75D5BC6EC}.AppStore|iPhoneSimulator.Build.0 = Debug|Any CPU
		{F56F50CF-652B-490F-9D23-8AF75D5BC6EC}.AppStore|iPhoneSimulator.Deploy.0 = Debug|Any CPU
		{F56F50CF-652B-490F-9D23-8AF75D5BC6EC}.AppStore|x64.ActiveCfg = Debug|Any CPU
		{F56F50CF-652B-490F-9D23-8AF75D5BC6EC}.AppStore|x64.Build.0 = Debug|Any CPU
		{F56F50CF-652B-490F-9D23-8AF75D5BC6EC}.AppStore|x64.Deploy.0 = Debug|Any CPU
		{F56F50CF-652B-490F-9D23-8AF75D5BC6EC}.AppStore|x86.ActiveCfg = Debug|Any CPU
		{F56F50CF-652B-490F-9D23-8AF75D5BC6EC}.AppStore|x86.Build.0 = Debug|Any CPU
		{F56F50CF-652B-490F-9D23-8AF75D5BC6EC}.AppStore|x86.Deploy.0 = Debug|Any CPU
		{F56F50CF-652B-490F-9D23-8AF75D5BC6EC}.Debug|Any CPU.ActiveCfg = Debug|Any CPU
		{F56F50CF-652B-490F-9D23-8AF75D5BC6EC}.Debug|Any CPU.Build.0 = Debug|Any CPU
		{F56F50CF-652B-490F-9D23-8AF75D5BC6EC}.Debug|Any CPU.Deploy.0 = Debug|Any CPU
		{F56F50CF-652B-490F-9D23-8AF75D5BC6EC}.Debug|ARM.ActiveCfg = Debug|Any CPU
		{F56F50CF-652B-490F-9D23-8AF75D5BC6EC}.Debug|ARM.Build.0 = Debug|Any CPU
		{F56F50CF-652B-490F-9D23-8AF75D5BC6EC}.Debug|ARM.Deploy.0 = Debug|Any CPU
		{F56F50CF-652B-490F-9D23-8AF75D5BC6EC}.Debug|iPhone.ActiveCfg = Debug|Any CPU
		{F56F50CF-652B-490F-9D23-8AF75D5BC6EC}.Debug|iPhone.Build.0 = Debug|Any CPU
		{F56F50CF-652B-490F-9D23-8AF75D5BC6EC}.Debug|iPhone.Deploy.0 = Debug|Any CPU
		{F56F50CF-652B-490F-9D23-8AF75D5BC6EC}.Debug|iPhoneSimulator.ActiveCfg = Debug|Any CPU
		{F56F50CF-652B-490F-9D23-8AF75D5BC6EC}.Debug|iPhoneSimulator.Build.0 = Debug|Any CPU
		{F56F50CF-652B-490F-9D23-8AF75D5BC6EC}.Debug|iPhoneSimulator.Deploy.0 = Debug|Any CPU
		{F56F50CF-652B-490F-9D23-8AF75D5BC6EC}.Debug|x64.ActiveCfg = Debug|Any CPU
		{F56F50CF-652B-490F-9D23-8AF75D5BC6EC}.Debug|x64.Build.0 = Debug|Any CPU
		{F56F50CF-652B-490F-9D23-8AF75D5BC6EC}.Debug|x64.Deploy.0 = Debug|Any CPU
		{F56F50CF-652B-490F-9D23-8AF75D5BC6EC}.Debug|x86.ActiveCfg = Debug|Any CPU
		{F56F50CF-652B-490F-9D23-8AF75D5BC6EC}.Debug|x86.Build.0 = Debug|Any CPU
		{F56F50CF-652B-490F-9D23-8AF75D5BC6EC}.Debug|x86.Deploy.0 = Debug|Any CPU
		{F56F50CF-652B-490F-9D23-8AF75D5BC6EC}.Release|Any CPU.ActiveCfg = Release|Any CPU
		{F56F50CF-652B-490F-9D23-8AF75D5BC6EC}.Release|Any CPU.Build.0 = Release|Any CPU
		{F56F50CF-652B-490F-9D23-8AF75D5BC6EC}.Release|Any CPU.Deploy.0 = Release|Any CPU
		{F56F50CF-652B-490F-9D23-8AF75D5BC6EC}.Release|ARM.ActiveCfg = Release|Any CPU
		{F56F50CF-652B-490F-9D23-8AF75D5BC6EC}.Release|ARM.Build.0 = Release|Any CPU
		{F56F50CF-652B-490F-9D23-8AF75D5BC6EC}.Release|ARM.Deploy.0 = Release|Any CPU
		{F56F50CF-652B-490F-9D23-8AF75D5BC6EC}.Release|iPhone.ActiveCfg = Release|Any CPU
		{F56F50CF-652B-490F-9D23-8AF75D5BC6EC}.Release|iPhone.Build.0 = Release|Any CPU
		{F56F50CF-652B-490F-9D23-8AF75D5BC6EC}.Release|iPhone.Deploy.0 = Release|Any CPU
		{F56F50CF-652B-490F-9D23-8AF75D5BC6EC}.Release|iPhoneSimulator.ActiveCfg = Release|Any CPU
		{F56F50CF-652B-490F-9D23-8AF75D5BC6EC}.Release|iPhoneSimulator.Build.0 = Release|Any CPU
		{F56F50CF-652B-490F-9D23-8AF75D5BC6EC}.Release|iPhoneSimulator.Deploy.0 = Release|Any CPU
		{F56F50CF-652B-490F-9D23-8AF75D5BC6EC}.Release|x64.ActiveCfg = Release|Any CPU
		{F56F50CF-652B-490F-9D23-8AF75D5BC6EC}.Release|x64.Build.0 = Release|Any CPU
		{F56F50CF-652B-490F-9D23-8AF75D5BC6EC}.Release|x64.Deploy.0 = Release|Any CPU
		{F56F50CF-652B-490F-9D23-8AF75D5BC6EC}.Release|x86.ActiveCfg = Release|Any CPU
		{F56F50CF-652B-490F-9D23-8AF75D5BC6EC}.Release|x86.Build.0 = Release|Any CPU
		{F56F50CF-652B-490F-9D23-8AF75D5BC6EC}.Release|x86.Deploy.0 = Release|Any CPU
		{73AA8A9E-5446-4B98-9A47-93BCB7A36C29}.Ad-Hoc|Any CPU.ActiveCfg = Ad-Hoc|iPhoneSimulator
		{73AA8A9E-5446-4B98-9A47-93BCB7A36C29}.Ad-Hoc|Any CPU.Build.0 = Ad-Hoc|iPhoneSimulator
		{73AA8A9E-5446-4B98-9A47-93BCB7A36C29}.Ad-Hoc|ARM.ActiveCfg = Ad-Hoc|iPhoneSimulator
		{73AA8A9E-5446-4B98-9A47-93BCB7A36C29}.Ad-Hoc|ARM.Build.0 = Ad-Hoc|iPhoneSimulator
		{73AA8A9E-5446-4B98-9A47-93BCB7A36C29}.Ad-Hoc|iPhone.ActiveCfg = Ad-Hoc|iPhone
		{73AA8A9E-5446-4B98-9A47-93BCB7A36C29}.Ad-Hoc|iPhone.Build.0 = Ad-Hoc|iPhone
		{73AA8A9E-5446-4B98-9A47-93BCB7A36C29}.Ad-Hoc|iPhoneSimulator.ActiveCfg = Ad-Hoc|iPhoneSimulator
		{73AA8A9E-5446-4B98-9A47-93BCB7A36C29}.Ad-Hoc|iPhoneSimulator.Build.0 = Ad-Hoc|iPhoneSimulator
		{73AA8A9E-5446-4B98-9A47-93BCB7A36C29}.Ad-Hoc|x64.ActiveCfg = Ad-Hoc|iPhoneSimulator
		{73AA8A9E-5446-4B98-9A47-93BCB7A36C29}.Ad-Hoc|x64.Build.0 = Ad-Hoc|iPhoneSimulator
		{73AA8A9E-5446-4B98-9A47-93BCB7A36C29}.Ad-Hoc|x86.ActiveCfg = Ad-Hoc|iPhoneSimulator
		{73AA8A9E-5446-4B98-9A47-93BCB7A36C29}.Ad-Hoc|x86.Build.0 = Ad-Hoc|iPhoneSimulator
		{73AA8A9E-5446-4B98-9A47-93BCB7A36C29}.AppStore|Any CPU.ActiveCfg = AppStore|iPhoneSimulator
		{73AA8A9E-5446-4B98-9A47-93BCB7A36C29}.AppStore|Any CPU.Build.0 = AppStore|iPhoneSimulator
		{73AA8A9E-5446-4B98-9A47-93BCB7A36C29}.AppStore|ARM.ActiveCfg = AppStore|iPhoneSimulator
		{73AA8A9E-5446-4B98-9A47-93BCB7A36C29}.AppStore|ARM.Build.0 = AppStore|iPhoneSimulator
		{73AA8A9E-5446-4B98-9A47-93BCB7A36C29}.AppStore|iPhone.ActiveCfg = AppStore|iPhone
		{73AA8A9E-5446-4B98-9A47-93BCB7A36C29}.AppStore|iPhone.Build.0 = AppStore|iPhone
		{73AA8A9E-5446-4B98-9A47-93BCB7A36C29}.AppStore|iPhoneSimulator.ActiveCfg = AppStore|iPhoneSimulator
		{73AA8A9E-5446-4B98-9A47-93BCB7A36C29}.AppStore|iPhoneSimulator.Build.0 = AppStore|iPhoneSimulator
		{73AA8A9E-5446-4B98-9A47-93BCB7A36C29}.AppStore|x64.ActiveCfg = AppStore|iPhoneSimulator
		{73AA8A9E-5446-4B98-9A47-93BCB7A36C29}.AppStore|x64.Build.0 = AppStore|iPhoneSimulator
		{73AA8A9E-5446-4B98-9A47-93BCB7A36C29}.AppStore|x86.ActiveCfg = AppStore|iPhoneSimulator
		{73AA8A9E-5446-4B98-9A47-93BCB7A36C29}.AppStore|x86.Build.0 = AppStore|iPhoneSimulator
		{73AA8A9E-5446-4B98-9A47-93BCB7A36C29}.Debug|Any CPU.ActiveCfg = Debug|iPhoneSimulator
		{73AA8A9E-5446-4B98-9A47-93BCB7A36C29}.Debug|Any CPU.Build.0 = Debug|iPhoneSimulator
		{73AA8A9E-5446-4B98-9A47-93BCB7A36C29}.Debug|ARM.ActiveCfg = Debug|iPhoneSimulator
		{73AA8A9E-5446-4B98-9A47-93BCB7A36C29}.Debug|ARM.Build.0 = Debug|iPhoneSimulator
		{73AA8A9E-5446-4B98-9A47-93BCB7A36C29}.Debug|iPhone.ActiveCfg = Debug|iPhone
		{73AA8A9E-5446-4B98-9A47-93BCB7A36C29}.Debug|iPhone.Build.0 = Debug|iPhone
		{73AA8A9E-5446-4B98-9A47-93BCB7A36C29}.Debug|iPhoneSimulator.ActiveCfg = Debug|iPhoneSimulator
		{73AA8A9E-5446-4B98-9A47-93BCB7A36C29}.Debug|iPhoneSimulator.Build.0 = Debug|iPhoneSimulator
		{73AA8A9E-5446-4B98-9A47-93BCB7A36C29}.Debug|x64.ActiveCfg = Debug|iPhoneSimulator
		{73AA8A9E-5446-4B98-9A47-93BCB7A36C29}.Debug|x64.Build.0 = Debug|iPhoneSimulator
		{73AA8A9E-5446-4B98-9A47-93BCB7A36C29}.Debug|x86.ActiveCfg = Debug|iPhoneSimulator
		{73AA8A9E-5446-4B98-9A47-93BCB7A36C29}.Debug|x86.Build.0 = Debug|iPhoneSimulator
		{73AA8A9E-5446-4B98-9A47-93BCB7A36C29}.Release|Any CPU.ActiveCfg = Release|iPhoneSimulator
		{73AA8A9E-5446-4B98-9A47-93BCB7A36C29}.Release|Any CPU.Build.0 = Release|iPhoneSimulator
		{73AA8A9E-5446-4B98-9A47-93BCB7A36C29}.Release|ARM.ActiveCfg = Release|iPhoneSimulator
		{73AA8A9E-5446-4B98-9A47-93BCB7A36C29}.Release|ARM.Build.0 = Release|iPhoneSimulator
		{73AA8A9E-5446-4B98-9A47-93BCB7A36C29}.Release|iPhone.ActiveCfg = Release|iPhone
		{73AA8A9E-5446-4B98-9A47-93BCB7A36C29}.Release|iPhone.Build.0 = Release|iPhone
		{73AA8A9E-5446-4B98-9A47-93BCB7A36C29}.Release|iPhoneSimulator.ActiveCfg = Release|iPhoneSimulator
		{73AA8A9E-5446-4B98-9A47-93BCB7A36C29}.Release|iPhoneSimulator.Build.0 = Release|iPhoneSimulator
		{73AA8A9E-5446-4B98-9A47-93BCB7A36C29}.Release|x64.ActiveCfg = Release|iPhoneSimulator
		{73AA8A9E-5446-4B98-9A47-93BCB7A36C29}.Release|x64.Build.0 = Release|iPhoneSimulator
		{73AA8A9E-5446-4B98-9A47-93BCB7A36C29}.Release|x86.ActiveCfg = Release|iPhoneSimulator
		{73AA8A9E-5446-4B98-9A47-93BCB7A36C29}.Release|x86.Build.0 = Release|iPhoneSimulator
		{59BF2F9E-925A-47A6-96E9-3948FD478C42}.Ad-Hoc|Any CPU.ActiveCfg = Debug|x64
		{59BF2F9E-925A-47A6-96E9-3948FD478C42}.Ad-Hoc|Any CPU.Build.0 = Debug|x64
		{59BF2F9E-925A-47A6-96E9-3948FD478C42}.Ad-Hoc|Any CPU.Deploy.0 = Debug|x64
		{59BF2F9E-925A-47A6-96E9-3948FD478C42}.Ad-Hoc|ARM.ActiveCfg = Debug|ARM
		{59BF2F9E-925A-47A6-96E9-3948FD478C42}.Ad-Hoc|ARM.Build.0 = Debug|ARM
		{59BF2F9E-925A-47A6-96E9-3948FD478C42}.Ad-Hoc|ARM.Deploy.0 = Debug|ARM
		{59BF2F9E-925A-47A6-96E9-3948FD478C42}.Ad-Hoc|iPhone.ActiveCfg = Debug|x64
		{59BF2F9E-925A-47A6-96E9-3948FD478C42}.Ad-Hoc|iPhone.Build.0 = Debug|x64
		{59BF2F9E-925A-47A6-96E9-3948FD478C42}.Ad-Hoc|iPhone.Deploy.0 = Debug|x64
		{59BF2F9E-925A-47A6-96E9-3948FD478C42}.Ad-Hoc|iPhoneSimulator.ActiveCfg = Debug|x64
		{59BF2F9E-925A-47A6-96E9-3948FD478C42}.Ad-Hoc|iPhoneSimulator.Build.0 = Debug|x64
		{59BF2F9E-925A-47A6-96E9-3948FD478C42}.Ad-Hoc|iPhoneSimulator.Deploy.0 = Debug|x64
		{59BF2F9E-925A-47A6-96E9-3948FD478C42}.Ad-Hoc|x64.ActiveCfg = Debug|x64
		{59BF2F9E-925A-47A6-96E9-3948FD478C42}.Ad-Hoc|x64.Build.0 = Debug|x64
		{59BF2F9E-925A-47A6-96E9-3948FD478C42}.Ad-Hoc|x64.Deploy.0 = Debug|x64
		{59BF2F9E-925A-47A6-96E9-3948FD478C42}.Ad-Hoc|x86.ActiveCfg = Debug|x86
		{59BF2F9E-925A-47A6-96E9-3948FD478C42}.Ad-Hoc|x86.Build.0 = Debug|x86
		{59BF2F9E-925A-47A6-96E9-3948FD478C42}.Ad-Hoc|x86.Deploy.0 = Debug|x86
		{59BF2F9E-925A-47A6-96E9-3948FD478C42}.AppStore|Any CPU.ActiveCfg = Debug|x64
		{59BF2F9E-925A-47A6-96E9-3948FD478C42}.AppStore|Any CPU.Build.0 = Debug|x64
		{59BF2F9E-925A-47A6-96E9-3948FD478C42}.AppStore|Any CPU.Deploy.0 = Debug|x64
		{59BF2F9E-925A-47A6-96E9-3948FD478C42}.AppStore|ARM.ActiveCfg = Debug|ARM
		{59BF2F9E-925A-47A6-96E9-3948FD478C42}.AppStore|ARM.Build.0 = Debug|ARM
		{59BF2F9E-925A-47A6-96E9-3948FD478C42}.AppStore|ARM.Deploy.0 = Debug|ARM
		{59BF2F9E-925A-47A6-96E9-3948FD478C42}.AppStore|iPhone.ActiveCfg = Debug|x64
		{59BF2F9E-925A-47A6-96E9-3948FD478C42}.AppStore|iPhone.Build.0 = Debug|x64
		{59BF2F9E-925A-47A6-96E9-3948FD478C42}.AppStore|iPhone.Deploy.0 = Debug|x64
		{59BF2F9E-925A-47A6-96E9-3948FD478C42}.AppStore|iPhoneSimulator.ActiveCfg = Debug|x64
		{59BF2F9E-925A-47A6-96E9-3948FD478C42}.AppStore|iPhoneSimulator.Build.0 = Debug|x64
		{59BF2F9E-925A-47A6-96E9-3948FD478C42}.AppStore|iPhoneSimulator.Deploy.0 = Debug|x64
		{59BF2F9E-925A-47A6-96E9-3948FD478C42}.AppStore|x64.ActiveCfg = Debug|x64
		{59BF2F9E-925A-47A6-96E9-3948FD478C42}.AppStore|x64.Build.0 = Debug|x64
		{59BF2F9E-925A-47A6-96E9-3948FD478C42}.AppStore|x64.Deploy.0 = Debug|x64
		{59BF2F9E-925A-47A6-96E9-3948FD478C42}.AppStore|x86.ActiveCfg = Debug|x86
		{59BF2F9E-925A-47A6-96E9-3948FD478C42}.AppStore|x86.Build.0 = Debug|x86
		{59BF2F9E-925A-47A6-96E9-3948FD478C42}.AppStore|x86.Deploy.0 = Debug|x86
		{59BF2F9E-925A-47A6-96E9-3948FD478C42}.Debug|Any CPU.ActiveCfg = Debug|x64
		{59BF2F9E-925A-47A6-96E9-3948FD478C42}.Debug|Any CPU.Build.0 = Debug|x64
		{59BF2F9E-925A-47A6-96E9-3948FD478C42}.Debug|Any CPU.Deploy.0 = Debug|x64
		{59BF2F9E-925A-47A6-96E9-3948FD478C42}.Debug|ARM.ActiveCfg = Debug|ARM
		{59BF2F9E-925A-47A6-96E9-3948FD478C42}.Debug|ARM.Build.0 = Debug|ARM
		{59BF2F9E-925A-47A6-96E9-3948FD478C42}.Debug|ARM.Deploy.0 = Debug|ARM
		{59BF2F9E-925A-47A6-96E9-3948FD478C42}.Debug|iPhone.ActiveCfg = Debug|x64
		{59BF2F9E-925A-47A6-96E9-3948FD478C42}.Debug|iPhone.Build.0 = Debug|x64
		{59BF2F9E-925A-47A6-96E9-3948FD478C42}.Debug|iPhone.Deploy.0 = Debug|x64
		{59BF2F9E-925A-47A6-96E9-3948FD478C42}.Debug|iPhoneSimulator.ActiveCfg = Debug|x64
		{59BF2F9E-925A-47A6-96E9-3948FD478C42}.Debug|iPhoneSimulator.Build.0 = Debug|x64
		{59BF2F9E-925A-47A6-96E9-3948FD478C42}.Debug|iPhoneSimulator.Deploy.0 = Debug|x64
		{59BF2F9E-925A-47A6-96E9-3948FD478C42}.Debug|x64.ActiveCfg = Debug|x64
		{59BF2F9E-925A-47A6-96E9-3948FD478C42}.Debug|x64.Build.0 = Debug|x64
		{59BF2F9E-925A-47A6-96E9-3948FD478C42}.Debug|x64.Deploy.0 = Debug|x64
		{59BF2F9E-925A-47A6-96E9-3948FD478C42}.Debug|x86.ActiveCfg = Debug|x86
		{59BF2F9E-925A-47A6-96E9-3948FD478C42}.Debug|x86.Build.0 = Debug|x86
		{59BF2F9E-925A-47A6-96E9-3948FD478C42}.Debug|x86.Deploy.0 = Debug|x86
		{59BF2F9E-925A-47A6-96E9-3948FD478C42}.Release|Any CPU.ActiveCfg = Release|x64
		{59BF2F9E-925A-47A6-96E9-3948FD478C42}.Release|Any CPU.Build.0 = Release|x64
		{59BF2F9E-925A-47A6-96E9-3948FD478C42}.Release|Any CPU.Deploy.0 = Release|x64
		{59BF2F9E-925A-47A6-96E9-3948FD478C42}.Release|ARM.ActiveCfg = Release|ARM
		{59BF2F9E-925A-47A6-96E9-3948FD478C42}.Release|ARM.Build.0 = Release|ARM
		{59BF2F9E-925A-47A6-96E9-3948FD478C42}.Release|ARM.Deploy.0 = Release|ARM
		{59BF2F9E-925A-47A6-96E9-3948FD478C42}.Release|iPhone.ActiveCfg = Release|x64
		{59BF2F9E-925A-47A6-96E9-3948FD478C42}.Release|iPhone.Build.0 = Release|x64
		{59BF2F9E-925A-47A6-96E9-3948FD478C42}.Release|iPhone.Deploy.0 = Release|x64
		{59BF2F9E-925A-47A6-96E9-3948FD478C42}.Release|iPhoneSimulator.ActiveCfg = Release|x64
		{59BF2F9E-925A-47A6-96E9-3948FD478C42}.Release|iPhoneSimulator.Build.0 = Release|x64
		{59BF2F9E-925A-47A6-96E9-3948FD478C42}.Release|iPhoneSimulator.Deploy.0 = Release|x64
		{59BF2F9E-925A-47A6-96E9-3948FD478C42}.Release|x64.ActiveCfg = Release|x64
		{59BF2F9E-925A-47A6-96E9-3948FD478C42}.Release|x64.Build.0 = Release|x64
		{59BF2F9E-925A-47A6-96E9-3948FD478C42}.Release|x64.Deploy.0 = Release|x64
		{59BF2F9E-925A-47A6-96E9-3948FD478C42}.Release|x86.ActiveCfg = Release|x86
		{59BF2F9E-925A-47A6-96E9-3948FD478C42}.Release|x86.Build.0 = Release|x86
		{59BF2F9E-925A-47A6-96E9-3948FD478C42}.Release|x86.Deploy.0 = Release|x86
	EndGlobalSection
	GlobalSection(SolutionProperties) = preSolution
		HideSolutionNode = FALSE
	EndGlobalSection
	GlobalSection(ExtensibilityGlobals) = postSolution
		SolutionGuid = {A7C90BBF-DAD0-4969-A931-644446D998B1}
	EndGlobalSection
EndGlobal
